
Microsoft Visual Studio Solution File, Format Version 12.00
Project("{FAE04EC0-301F-11D3-BF4B-00C04F79EFBC}") = "WeatherStationSimulator", "WeatherStationSimulator.csproj", "{24B3B0AB-D16A-47B1-91F5-99E66950CDF6}"
EndProject
Global
	GlobalSection(SolutionConfigurationPlatforms) = preSolution
		Debug|Any CPU = Debug|Any CPU
		Release|Any CPU = Release|Any CPU
	EndGlobalSection
	GlobalSection(ProjectConfigurationPlatforms) = postSolution
		{24B3B0AB-D16A-47B1-91F5-99E66950CDF6}.Debug|Any CPU.ActiveCfg = Debug|Any CPU
		{24B3B0AB-D16A-47B1-91F5-99E66950CDF6}.Debug|Any CPU.Build.0 = Debug|Any CPU
		{24B3B0AB-D16A-47B1-91F5-99E66950CDF6}.Release|Any CPU.ActiveCfg = Release|Any CPU
		{24B3B0AB-D16A-47B1-91F5-99E66950CDF6}.Release|Any CPU.Build.0 = Release|Any CPU
	EndGlobalSection
EndGlobal
