
Microsoft Visual Studio Solution File, Format Version 12.00
Project("{FAE04EC0-301F-11D3-BF4B-00C04F79EFBC}") = "MyQuizApp", "MyQuizApp\MyQuizApp.csproj", "{F6615F0C-3F32-4E42-ADC7-FBC600F35E51}"
EndProject
Global
	GlobalSection(SolutionConfigurationPlatforms) = preSolution
		Debug|Any CPU = Debug|Any CPU
		Release|Any CPU = Release|Any CPU
	EndGlobalSection
	GlobalSection(ProjectConfigurationPlatforms) = postSolution
		{F6615F0C-3F32-4E42-ADC7-FBC600F35E51}.Debug|Any CPU.ActiveCfg = Debug|Any CPU
		{F6615F0C-3F32-4E42-ADC7-FBC600F35E51}.Debug|Any CPU.Build.0 = Debug|Any CPU
		{F6615F0C-3F32-4E42-ADC7-FBC600F35E51}.Release|Any CPU.ActiveCfg = Release|Any CPU
		{F6615F0C-3F32-4E42-ADC7-FBC600F35E51}.Release|Any CPU.Build.0 = Release|Any CPU
	EndGlobalSection
EndGlobal
