
Microsoft Visual Studio Solution File, Format Version 12.00
Project("{FAE04EC0-301F-11D3-BF4B-00C04F79EFBC}") = "Hello World", "Hello World\Hello World.csproj", "{D2FD4CFD-EAC4-4C56-99FC-EA9E6DFFAC51}"
EndProject
Global
	GlobalSection(SolutionConfigurationPlatforms) = preSolution
		Debug|Any CPU = Debug|Any CPU
		Release|Any CPU = Release|Any CPU
	EndGlobalSection
	GlobalSection(ProjectConfigurationPlatforms) = postSolution
		{D2FD4CFD-EAC4-4C56-99FC-EA9E6DFFAC51}.Debug|Any CPU.ActiveCfg = Debug|Any CPU
		{D2FD4CFD-EAC4-4C56-99FC-EA9E6DFFAC51}.Debug|Any CPU.Build.0 = Debug|Any CPU
		{D2FD4CFD-EAC4-4C56-99FC-EA9E6DFFAC51}.Release|Any CPU.ActiveCfg = Release|Any CPU
		{D2FD4CFD-EAC4-4C56-99FC-EA9E6DFFAC51}.Release|Any CPU.Build.0 = Release|Any CPU
	EndGlobalSection
EndGlobal
